
Microsoft Visual Studio Solution File, Format Version 12.00
# Visual Studio 15
VisualStudioVersion = 15.0.26730.16
MinimumVisualStudioVersion = 10.0.40219.1
Project("{FAE04EC0-301F-11D3-BF4B-00C04F79EFBC}") = "Live.BLL", "Live.BLL\Live.BLL.csproj", "{43564550-5185-465C-9FBE-1F22655AF0AF}"
EndProject
Project("{FAE04EC0-301F-11D3-BF4B-00C04F79EFBC}") = "Live.Web", "Live.Web\Live.Web.csproj", "{EC7781AA-3CDF-4CBA-B605-C4FB60D98C7D}"
EndProject
Project("{FAE04EC0-301F-11D3-BF4B-00C04F79EFBC}") = "Live.DAL", "Live.DAL\Live.DAL.csproj", "{486F0E3E-BCB9-45EA-B522-3B60D75956BE}"
EndProject
Project("{FAE04EC0-301F-11D3-BF4B-00C04F79EFBC}") = "Live.Common", "Common\Live.Common.csproj", "{703968AB-1367-4858-AB42-2F4A80616AEF}"
EndProject
Project("{FAE04EC0-301F-11D3-BF4B-00C04F79EFBC}") = "Live.DAL.Core", "Live.DAL.Core\Live.DAL.Core.csproj", "{63BDF8A3-86F7-4219-86C9-F51625000A9D}"
EndProject
Global
	GlobalSection(SolutionConfigurationPlatforms) = preSolution
		Debug|Any CPU = Debug|Any CPU
		DevLocal|Any CPU = DevLocal|Any CPU
		Integration|Any CPU = Integration|Any CPU
		QA|Any CPU = QA|Any CPU
		Release|Any CPU = Release|Any CPU
		SecondDev|Any CPU = SecondDev|Any CPU
	EndGlobalSection
	GlobalSection(ProjectConfigurationPlatforms) = postSolution
		{43564550-5185-465C-9FBE-1F22655AF0AF}.Debug|Any CPU.ActiveCfg = Debug|Any CPU
		{43564550-5185-465C-9FBE-1F22655AF0AF}.Debug|Any CPU.Build.0 = Debug|Any CPU
		{43564550-5185-465C-9FBE-1F22655AF0AF}.DevLocal|Any CPU.ActiveCfg = Debug|Any CPU
		{43564550-5185-465C-9FBE-1F22655AF0AF}.DevLocal|Any CPU.Build.0 = Debug|Any CPU
		{43564550-5185-465C-9FBE-1F22655AF0AF}.Integration|Any CPU.ActiveCfg = Release|Any CPU
		{43564550-5185-465C-9FBE-1F22655AF0AF}.Integration|Any CPU.Build.0 = Release|Any CPU
		{43564550-5185-465C-9FBE-1F22655AF0AF}.QA|Any CPU.ActiveCfg = Release|Any CPU
		{43564550-5185-465C-9FBE-1F22655AF0AF}.QA|Any CPU.Build.0 = Release|Any CPU
		{43564550-5185-465C-9FBE-1F22655AF0AF}.Release|Any CPU.ActiveCfg = Release|Any CPU
		{43564550-5185-465C-9FBE-1F22655AF0AF}.Release|Any CPU.Build.0 = Release|Any CPU
		{43564550-5185-465C-9FBE-1F22655AF0AF}.SecondDev|Any CPU.ActiveCfg = Release|Any CPU
		{43564550-5185-465C-9FBE-1F22655AF0AF}.SecondDev|Any CPU.Build.0 = Release|Any CPU
		{EC7781AA-3CDF-4CBA-B605-C4FB60D98C7D}.Debug|Any CPU.ActiveCfg = Debug|Any CPU
		{EC7781AA-3CDF-4CBA-B605-C4FB60D98C7D}.Debug|Any CPU.Build.0 = Debug|Any CPU
		{EC7781AA-3CDF-4CBA-B605-C4FB60D98C7D}.DevLocal|Any CPU.ActiveCfg = Debug|Any CPU
		{EC7781AA-3CDF-4CBA-B605-C4FB60D98C7D}.DevLocal|Any CPU.Build.0 = Debug|Any CPU
		{EC7781AA-3CDF-4CBA-B605-C4FB60D98C7D}.Integration|Any CPU.ActiveCfg = Release|Any CPU
		{EC7781AA-3CDF-4CBA-B605-C4FB60D98C7D}.Integration|Any CPU.Build.0 = Release|Any CPU
		{EC7781AA-3CDF-4CBA-B605-C4FB60D98C7D}.QA|Any CPU.ActiveCfg = Release|Any CPU
		{EC7781AA-3CDF-4CBA-B605-C4FB60D98C7D}.QA|Any CPU.Build.0 = Release|Any CPU
		{EC7781AA-3CDF-4CBA-B605-C4FB60D98C7D}.Release|Any CPU.ActiveCfg = Release|Any CPU
		{EC7781AA-3CDF-4CBA-B605-C4FB60D98C7D}.Release|Any CPU.Build.0 = Release|Any CPU
		{EC7781AA-3CDF-4CBA-B605-C4FB60D98C7D}.SecondDev|Any CPU.ActiveCfg = Release|Any CPU
		{EC7781AA-3CDF-4CBA-B605-C4FB60D98C7D}.SecondDev|Any CPU.Build.0 = Release|Any CPU
		{486F0E3E-BCB9-45EA-B522-3B60D75956BE}.Debug|Any CPU.ActiveCfg = Debug|Any CPU
		{486F0E3E-BCB9-45EA-B522-3B60D75956BE}.Debug|Any CPU.Build.0 = Debug|Any CPU
		{486F0E3E-BCB9-45EA-B522-3B60D75956BE}.DevLocal|Any CPU.ActiveCfg = Debug|Any CPU
		{486F0E3E-BCB9-45EA-B522-3B60D75956BE}.DevLocal|Any CPU.Build.0 = Debug|Any CPU
		{486F0E3E-BCB9-45EA-B522-3B60D75956BE}.Integration|Any CPU.ActiveCfg = Release|Any CPU
		{486F0E3E-BCB9-45EA-B522-3B60D75956BE}.Integration|Any CPU.Build.0 = Release|Any CPU
		{486F0E3E-BCB9-45EA-B522-3B60D75956BE}.QA|Any CPU.ActiveCfg = Release|Any CPU
		{486F0E3E-BCB9-45EA-B522-3B60D75956BE}.QA|Any CPU.Build.0 = Release|Any CPU
		{486F0E3E-BCB9-45EA-B522-3B60D75956BE}.Release|Any CPU.ActiveCfg = Release|Any CPU
		{486F0E3E-BCB9-45EA-B522-3B60D75956BE}.Release|Any CPU.Build.0 = Release|Any CPU
		{486F0E3E-BCB9-45EA-B522-3B60D75956BE}.SecondDev|Any CPU.ActiveCfg = Release|Any CPU
		{486F0E3E-BCB9-45EA-B522-3B60D75956BE}.SecondDev|Any CPU.Build.0 = Release|Any CPU
		{703968AB-1367-4858-AB42-2F4A80616AEF}.Debug|Any CPU.ActiveCfg = Debug|Any CPU
		{703968AB-1367-4858-AB42-2F4A80616AEF}.Debug|Any CPU.Build.0 = Debug|Any CPU
		{703968AB-1367-4858-AB42-2F4A80616AEF}.DevLocal|Any CPU.ActiveCfg = Debug|Any CPU
		{703968AB-1367-4858-AB42-2F4A80616AEF}.DevLocal|Any CPU.Build.0 = Debug|Any CPU
		{703968AB-1367-4858-AB42-2F4A80616AEF}.Integration|Any CPU.ActiveCfg = Release|Any CPU
		{703968AB-1367-4858-AB42-2F4A80616AEF}.Integration|Any CPU.Build.0 = Release|Any CPU
		{703968AB-1367-4858-AB42-2F4A80616AEF}.QA|Any CPU.ActiveCfg = Release|Any CPU
		{703968AB-1367-4858-AB42-2F4A80616AEF}.QA|Any CPU.Build.0 = Release|Any CPU
		{703968AB-1367-4858-AB42-2F4A80616AEF}.Release|Any CPU.ActiveCfg = Release|Any CPU
		{703968AB-1367-4858-AB42-2F4A80616AEF}.Release|Any CPU.Build.0 = Release|Any CPU
		{703968AB-1367-4858-AB42-2F4A80616AEF}.SecondDev|Any CPU.ActiveCfg = Release|Any CPU
		{703968AB-1367-4858-AB42-2F4A80616AEF}.SecondDev|Any CPU.Build.0 = Release|Any CPU
		{63BDF8A3-86F7-4219-86C9-F51625000A9D}.Debug|Any CPU.ActiveCfg = Debug|Any CPU
		{63BDF8A3-86F7-4219-86C9-F51625000A9D}.Debug|Any CPU.Build.0 = Debug|Any CPU
		{63BDF8A3-86F7-4219-86C9-F51625000A9D}.DevLocal|Any CPU.ActiveCfg = DevLocal|Any CPU
		{63BDF8A3-86F7-4219-86C9-F51625000A9D}.DevLocal|Any CPU.Build.0 = DevLocal|Any CPU
		{63BDF8A3-86F7-4219-86C9-F51625000A9D}.Integration|Any CPU.ActiveCfg = Integration|Any CPU
		{63BDF8A3-86F7-4219-86C9-F51625000A9D}.Integration|Any CPU.Build.0 = Integration|Any CPU
		{63BDF8A3-86F7-4219-86C9-F51625000A9D}.QA|Any CPU.ActiveCfg = QA|Any CPU
		{63BDF8A3-86F7-4219-86C9-F51625000A9D}.QA|Any CPU.Build.0 = QA|Any CPU
		{63BDF8A3-86F7-4219-86C9-F51625000A9D}.Release|Any CPU.ActiveCfg = Release|Any CPU
		{63BDF8A3-86F7-4219-86C9-F51625000A9D}.Release|Any CPU.Build.0 = Release|Any CPU
		{63BDF8A3-86F7-4219-86C9-F51625000A9D}.SecondDev|Any CPU.ActiveCfg = SecondDev|Any CPU
		{63BDF8A3-86F7-4219-86C9-F51625000A9D}.SecondDev|Any CPU.Build.0 = SecondDev|Any CPU
	EndGlobalSection
	GlobalSection(SolutionProperties) = preSolution
		HideSolutionNode = FALSE
	EndGlobalSection
	GlobalSection(ExtensibilityGlobals) = postSolution
		SolutionGuid = {EFB6E928-0DDE-4ECE-9DA1-17C88DBA664B}
	EndGlobalSection
EndGlobal
